
Microsoft Visual Studio Solution File, Format Version 12.00
# Visual Studio 14
VisualStudioVersion = 14.0.25420.1
MinimumVisualStudioVersion = 10.0.40219.1
Project("{FAE04EC0-301F-11D3-BF4B-00C04F79EFBC}") = "SmartHouseWebForms", "SmartHouseWebForms\SmartHouseWebForms.csproj", "{8FF10E79-0286-45B3-8C40-BFCA020B7ED6}"
EndProject
Global
	GlobalSection(SolutionConfigurationPlatforms) = preSolution
		Debug|Any CPU = Debug|Any CPU
		Release|Any CPU = Release|Any CPU
	EndGlobalSection
	GlobalSection(ProjectConfigurationPlatforms) = postSolution
		{8FF10E79-0286-45B3-8C40-BFCA020B7ED6}.Debug|Any CPU.ActiveCfg = Debug|Any CPU
		{8FF10E79-0286-45B3-8C40-BFCA020B7ED6}.Debug|Any CPU.Build.0 = Debug|Any CPU
		{8FF10E79-0286-45B3-8C40-BFCA020B7ED6}.Release|Any CPU.ActiveCfg = Release|Any CPU
		{8FF10E79-0286-45B3-8C40-BFCA020B7ED6}.Release|Any CPU.Build.0 = Release|Any CPU
	EndGlobalSection
	GlobalSection(SolutionProperties) = preSolution
		HideSolutionNode = FALSE
	EndGlobalSection
EndGlobal
